// !$*UTF8*$!
{
	archiveVersion = 1;
	classes = {
	};
	objectVersion = 46;
	objects = {

/* Begin PBXBuildFile section */
		CD74DB751AED6E4B00E6E652 /* Adium.framework in Frameworks */ = {isa = PBXBuildFile; fileRef = CD74DB721AED6E4B00E6E652 /* Adium.framework */; };
		CD74DB761AED6E4B00E6E652 /* AdiumLibpurple.framework in Frameworks */ = {isa = PBXBuildFile; fileRef = CD74DB731AED6E4B00E6E652 /* AdiumLibpurple.framework */; };
		CD74DB771AED6E4B00E6E652 /* AIUtilities.framework in Frameworks */ = {isa = PBXBuildFile; fileRef = CD74DB741AED6E4B00E6E652 /* AIUtilities.framework */; };
		CD74DB7E1AED6EA100E6E652 /* libglib.framework in Frameworks */ = {isa = PBXBuildFile; fileRef = CD74DB791AED6EA100E6E652 /* libglib.framework */; };
		CD74DB7F1AED6EA100E6E652 /* libgobject.framework in Frameworks */ = {isa = PBXBuildFile; fileRef = CD74DB7A1AED6EA100E6E652 /* libgobject.framework */; };
		CD74DB801AED6EA100E6E652 /* libintl.framework in Frameworks */ = {isa = PBXBuildFile; fileRef = CD74DB7B1AED6EA100E6E652 /* libintl.framework */; };
		CD74DB811AED6EA100E6E652 /* libjson-glib.framework in Frameworks */ = {isa = PBXBuildFile; fileRef = CD74DB7C1AED6EA100E6E652 /* libjson-glib.framework */; };
		CD74DB821AED6EA100E6E652 /* libpurple.framework in Frameworks */ = {isa = PBXBuildFile; fileRef = CD74DB7D1AED6EA100E6E652 /* libpurple.framework */; };
		CD74DB841AED6F3100E6E652 /* AISkypewebPlugin.m in Sources */ = {isa = PBXBuildFile; fileRef = CD74DB831AED6F3100E6E652 /* AISkypewebPlugin.m */; };
		CD74DB871AED706500E6E652 /* Foundation.framework in Frameworks */ = {isa = PBXBuildFile; fileRef = CD74DB861AED706500E6E652 /* Foundation.framework */; };
		CD7B08D91B5C303300E6E652 /* libz.dylib in Frameworks */ = {isa = PBXBuildFile; fileRef = CD7B08D81B5C303300E6E652 /* libz.dylib */; };
		CD7B08DB1B5DA55900E6E652 /* skype.png in Resources */ = {isa = PBXBuildFile; fileRef = CD7B08DA1B5DA55900E6E652 /* skype.png */; };
		CD7B08E11B5DA80000E6E652 /* skype_small.png in Resources */ = {isa = PBXBuildFile; fileRef = CD7B08E01B5DA80000E6E652 /* skype_small.png */; };
		CD7B08E51B5DA96600E6E652 /* PurpleSkypeWebAccount.m in Sources */ = {isa = PBXBuildFile; fileRef = CD7B08E41B5DA96600E6E652 /* PurpleSkypeWebAccount.m */; };
		CD99FB481B5BF4E100E6E652 /* libskypeweb.c in Sources */ = {isa = PBXBuildFile; fileRef = CD99FB3C1B5BF4E100E6E652 /* libskypeweb.c */; };
		CD99FB491B5BF4E100E6E652 /* skypeweb_connection.c in Sources */ = {isa = PBXBuildFile; fileRef = CD99FB3E1B5BF4E100E6E652 /* skypeweb_connection.c */; };
		CD99FB4A1B5BF4E100E6E652 /* skypeweb_contacts.c in Sources */ = {isa = PBXBuildFile; fileRef = CD99FB401B5BF4E100E6E652 /* skypeweb_contacts.c */; };
		CD99FB4B1B5BF4E100E6E652 /* skypeweb_login.c in Sources */ = {isa = PBXBuildFile; fileRef = CD99FB421B5BF4E100E6E652 /* skypeweb_login.c */; };
		CD99FB4C1B5BF4E100E6E652 /* skypeweb_messages.c in Sources */ = {isa = PBXBuildFile; fileRef = CD99FB441B5BF4E100E6E652 /* skypeweb_messages.c */; };
		CD99FB4D1B5BF4E100E6E652 /* skypeweb_util.c in Sources */ = {isa = PBXBuildFile; fileRef = CD99FB461B5BF4E100E6E652 /* skypeweb_util.c */; };
		CD99FB4F1B5BFBF700E6E652 /* PurpleSkypeWebService.m in Sources */ = {isa = PBXBuildFile; fileRef = CD99FB4E1B5BFBF700E6E652 /* PurpleSkypeWebService.m */; };
/* End PBXBuildFile section */

/* Begin PBXFileReference section */
		CD74DB721AED6E4B00E6E652 /* Adium.framework */ = {isa = PBXFileReference; lastKnownFileType = wrapper.framework; name = Adium.framework; path = "adium/build/Release-Debug/Adium.framework"; sourceTree = "<group>"; };
		CD74DB731AED6E4B00E6E652 /* AdiumLibpurple.framework */ = {isa = PBXFileReference; lastKnownFileType = wrapper.framework; name = AdiumLibpurple.framework; path = "adium/build/Release-Debug/AdiumLibpurple.framework"; sourceTree = "<group>"; };
		CD74DB741AED6E4B00E6E652 /* AIUtilities.framework */ = {isa = PBXFileReference; lastKnownFileType = wrapper.framework; name = AIUtilities.framework; path = "adium/build/Release-Debug/AIUtilities.framework"; sourceTree = "<group>"; };
		CD74DB791AED6EA100E6E652 /* libglib.framework */ = {isa = PBXFileReference; lastKnownFileType = wrapper.framework; name = libglib.framework; path = adium/Frameworks/libglib.framework; sourceTree = "<group>"; };
		CD74DB7A1AED6EA100E6E652 /* libgobject.framework */ = {isa = PBXFileReference; lastKnownFileType = wrapper.framework; name = libgobject.framework; path = adium/Frameworks/libgobject.framework; sourceTree = "<group>"; };
		CD74DB7B1AED6EA100E6E652 /* libintl.framework */ = {isa = PBXFileReference; lastKnownFileType = wrapper.framework; name = libintl.framework; path = adium/Frameworks/libintl.framework; sourceTree = "<group>"; };
		CD74DB7C1AED6EA100E6E652 /* libjson-glib.framework */ = {isa = PBXFileReference; lastKnownFileType = wrapper.framework; name = "libjson-glib.framework"; path = "adium/Frameworks/libjson-glib.framework"; sourceTree = "<group>"; };
		CD74DB7D1AED6EA100E6E652 /* libpurple.framework */ = {isa = PBXFileReference; lastKnownFileType = wrapper.framework; name = libpurple.framework; path = adium/Frameworks/libpurple.framework; sourceTree = "<group>"; };
		CD74DB831AED6F3100E6E652 /* AISkypewebPlugin.m */ = {isa = PBXFileReference; fileEncoding = 4; lastKnownFileType = sourcecode.c.objc; path = AISkypewebPlugin.m; sourceTree = "<group>"; };
		CD74DB851AED6F6800E6E652 /* AISkypewebPlugin.h */ = {isa = PBXFileReference; lastKnownFileType = sourcecode.c.h; path = AISkypewebPlugin.h; sourceTree = "<group>"; };
		CD74DB861AED706500E6E652 /* Foundation.framework */ = {isa = PBXFileReference; lastKnownFileType = wrapper.framework; name = Foundation.framework; path = System/Library/Frameworks/Foundation.framework; sourceTree = SDKROOT; };
		CD7B08D81B5C303300E6E652 /* libz.dylib */ = {isa = PBXFileReference; lastKnownFileType = "compiled.mach-o.dylib"; name = libz.dylib; path = usr/lib/libz.dylib; sourceTree = SDKROOT; };
		CD7B08DA1B5DA55900E6E652 /* skype.png */ = {isa = PBXFileReference; lastKnownFileType = image.png; name = skype.png; path = skype4pidgin/icons/48/skype.png; sourceTree = SOURCE_ROOT; };
		CD7B08E01B5DA80000E6E652 /* skype_small.png */ = {isa = PBXFileReference; lastKnownFileType = image.png; name = skype_small.png; path = skype4pidgin/icons/16/skype_small.png; sourceTree = SOURCE_ROOT; };
		CD7B08E31B5DA96600E6E652 /* PurpleSkypeWebAccount.h */ = {isa = PBXFileReference; fileEncoding = 4; lastKnownFileType = sourcecode.c.h; path = PurpleSkypeWebAccount.h; sourceTree = "<group>"; };
		CD7B08E41B5DA96600E6E652 /* PurpleSkypeWebAccount.m */ = {isa = PBXFileReference; fileEncoding = 4; lastKnownFileType = sourcecode.c.objc; path = PurpleSkypeWebAccount.m; sourceTree = "<group>"; };
		CD99FB3C1B5BF4E100E6E652 /* libskypeweb.c */ = {isa = PBXFileReference; fileEncoding = 4; lastKnownFileType = sourcecode.c.c; name = libskypeweb.c; path = skype4pidgin/skypeweb/libskypeweb.c; sourceTree = "<group>"; };
		CD99FB3D1B5BF4E100E6E652 /* libskypeweb.h */ = {isa = PBXFileReference; fileEncoding = 4; lastKnownFileType = sourcecode.c.h; name = libskypeweb.h; path = skype4pidgin/skypeweb/libskypeweb.h; sourceTree = "<group>"; };
		CD99FB3E1B5BF4E100E6E652 /* skypeweb_connection.c */ = {isa = PBXFileReference; fileEncoding = 4; lastKnownFileType = sourcecode.c.c; name = skypeweb_connection.c; path = skype4pidgin/skypeweb/skypeweb_connection.c; sourceTree = "<group>"; };
		CD99FB3F1B5BF4E100E6E652 /* skypeweb_connection.h */ = {isa = PBXFileReference; fileEncoding = 4; lastKnownFileType = sourcecode.c.h; name = skypeweb_connection.h; path = skype4pidgin/skypeweb/skypeweb_connection.h; sourceTree = "<group>"; };
		CD99FB401B5BF4E100E6E652 /* skypeweb_contacts.c */ = {isa = PBXFileReference; fileEncoding = 4; lastKnownFileType = sourcecode.c.c; name = skypeweb_contacts.c; path = skype4pidgin/skypeweb/skypeweb_contacts.c; sourceTree = "<group>"; };
		CD99FB411B5BF4E100E6E652 /* skypeweb_contacts.h */ = {isa = PBXFileReference; fileEncoding = 4; lastKnownFileType = sourcecode.c.h; name = skypeweb_contacts.h; path = skype4pidgin/skypeweb/skypeweb_contacts.h; sourceTree = "<group>"; };
		CD99FB421B5BF4E100E6E652 /* skypeweb_login.c */ = {isa = PBXFileReference; fileEncoding = 4; lastKnownFileType = sourcecode.c.c; name = skypeweb_login.c; path = skype4pidgin/skypeweb/skypeweb_login.c; sourceTree = "<group>"; };
		CD99FB431B5BF4E100E6E652 /* skypeweb_login.h */ = {isa = PBXFileReference; fileEncoding = 4; lastKnownFileType = sourcecode.c.h; name = skypeweb_login.h; path = skype4pidgin/skypeweb/skypeweb_login.h; sourceTree = "<group>"; };
		CD99FB441B5BF4E100E6E652 /* skypeweb_messages.c */ = {isa = PBXFileReference; fileEncoding = 4; lastKnownFileType = sourcecode.c.c; name = skypeweb_messages.c; path = skype4pidgin/skypeweb/skypeweb_messages.c; sourceTree = "<group>"; };
		CD99FB451B5BF4E100E6E652 /* skypeweb_messages.h */ = {isa = PBXFileReference; fileEncoding = 4; lastKnownFileType = sourcecode.c.h; name = skypeweb_messages.h; path = skype4pidgin/skypeweb/skypeweb_messages.h; sourceTree = "<group>"; };
		CD99FB461B5BF4E100E6E652 /* skypeweb_util.c */ = {isa = PBXFileReference; fileEncoding = 4; lastKnownFileType = sourcecode.c.c; name = skypeweb_util.c; path = skype4pidgin/skypeweb/skypeweb_util.c; sourceTree = "<group>"; };
		CD99FB471B5BF4E100E6E652 /* skypeweb_util.h */ = {isa = PBXFileReference; fileEncoding = 4; lastKnownFileType = sourcecode.c.h; name = skypeweb_util.h; path = skype4pidgin/skypeweb/skypeweb_util.h; sourceTree = "<group>"; };
		CD99FB4E1B5BFBF700E6E652 /* PurpleSkypeWebService.m */ = {isa = PBXFileReference; fileEncoding = 4; lastKnownFileType = sourcecode.c.objc; path = PurpleSkypeWebService.m; sourceTree = "<group>"; };
		CD99FB501B5BFC1300E6E652 /* PurpleSkypeWebService.h */ = {isa = PBXFileReference; lastKnownFileType = sourcecode.c.h; path = PurpleSkypeWebService.h; sourceTree = "<group>"; };
		CDEC6DCA1AED672300E6E652 /* skypeweb4adium.AdiumPlugin */ = {isa = PBXFileReference; explicitFileType = wrapper.cfbundle; includeInIndex = 0; path = skypeweb4adium.AdiumPlugin; sourceTree = BUILT_PRODUCTS_DIR; };
		CDEC6DCE1AED672300E6E652 /* Info.plist */ = {isa = PBXFileReference; lastKnownFileType = text.plist.xml; path = Info.plist; sourceTree = "<group>"; };
/* End PBXFileReference section */

/* Begin PBXFrameworksBuildPhase section */
		CDEC6DC71AED672300E6E652 /* Frameworks */ = {
			isa = PBXFrameworksBuildPhase;
			buildActionMask = 2147483647;
			files = (
				CD7B08D91B5C303300E6E652 /* libz.dylib in Frameworks */,
				CD74DB871AED706500E6E652 /* Foundation.framework in Frameworks */,
				CD74DB751AED6E4B00E6E652 /* Adium.framework in Frameworks */,
				CD74DB771AED6E4B00E6E652 /* AIUtilities.framework in Frameworks */,
				CD74DB7F1AED6EA100E6E652 /* libgobject.framework in Frameworks */,
				CD74DB801AED6EA100E6E652 /* libintl.framework in Frameworks */,
				CD74DB811AED6EA100E6E652 /* libjson-glib.framework in Frameworks */,
				CD74DB821AED6EA100E6E652 /* libpurple.framework in Frameworks */,
				CD74DB761AED6E4B00E6E652 /* AdiumLibpurple.framework in Frameworks */,
				CD74DB7E1AED6EA100E6E652 /* libglib.framework in Frameworks */,
			);
			runOnlyForDeploymentPostprocessing = 0;
		};
/* End PBXFrameworksBuildPhase section */

/* Begin PBXGroup section */
		CD74DB711AED6BD300E6E652 /* Frameworks */ = {
			isa = PBXGroup;
			children = (
				CD74DB861AED706500E6E652 /* Foundation.framework */,
				CD7B08D81B5C303300E6E652 /* libz.dylib */,
				CD74DB781AED6E5200E6E652 /* Adium */,
			);
			name = Frameworks;
			sourceTree = "<group>";
		};
		CD74DB781AED6E5200E6E652 /* Adium */ = {
			isa = PBXGroup;
			children = (
				CD74DB721AED6E4B00E6E652 /* Adium.framework */,
				CD74DB731AED6E4B00E6E652 /* AdiumLibpurple.framework */,
				CD74DB741AED6E4B00E6E652 /* AIUtilities.framework */,
				CD74DB791AED6EA100E6E652 /* libglib.framework */,
				CD74DB7A1AED6EA100E6E652 /* libgobject.framework */,
				CD74DB7B1AED6EA100E6E652 /* libintl.framework */,
				CD74DB7C1AED6EA100E6E652 /* libjson-glib.framework */,
				CD74DB7D1AED6EA100E6E652 /* libpurple.framework */,
			);
			name = Adium;
			sourceTree = "<group>";
		};
		CD7B08DE1B5DA7C800E6E652 /* icons */ = {
			isa = PBXGroup;
			children = (
				CD7B08DA1B5DA55900E6E652 /* skype.png */,
				CD7B08E01B5DA80000E6E652 /* skype_small.png */,
			);
			name = icons;
			sourceTree = "<group>";
		};
		CD99FB3B1B5BF4A100E6E652 /* skypeweb4purple */ = {
			isa = PBXGroup;
			children = (
				CD99FB3C1B5BF4E100E6E652 /* libskypeweb.c */,
				CD99FB3D1B5BF4E100E6E652 /* libskypeweb.h */,
				CD99FB3E1B5BF4E100E6E652 /* skypeweb_connection.c */,
				CD99FB3F1B5BF4E100E6E652 /* skypeweb_connection.h */,
				CD99FB401B5BF4E100E6E652 /* skypeweb_contacts.c */,
				CD99FB411B5BF4E100E6E652 /* skypeweb_contacts.h */,
				CD99FB421B5BF4E100E6E652 /* skypeweb_login.c */,
				CD99FB431B5BF4E100E6E652 /* skypeweb_login.h */,
				CD99FB441B5BF4E100E6E652 /* skypeweb_messages.c */,
				CD99FB451B5BF4E100E6E652 /* skypeweb_messages.h */,
				CD99FB461B5BF4E100E6E652 /* skypeweb_util.c */,
				CD99FB471B5BF4E100E6E652 /* skypeweb_util.h */,
			);
			name = skypeweb4purple;
			sourceTree = "<group>";
		};
		CDEC6DC11AED672300E6E652 = {
			isa = PBXGroup;
			children = (
				CDEC6DCC1AED672300E6E652 /* skypeweb4adium */,
				CD99FB3B1B5BF4A100E6E652 /* skypeweb4purple */,
				CD74DB711AED6BD300E6E652 /* Frameworks */,
				CDEC6DCB1AED672300E6E652 /* Products */,
			);
			sourceTree = "<group>";
		};
		CDEC6DCB1AED672300E6E652 /* Products */ = {
			isa = PBXGroup;
			children = (
				CDEC6DCA1AED672300E6E652 /* skypeweb4adium.AdiumPlugin */,
			);
			name = Products;
			sourceTree = "<group>";
		};
		CDEC6DCC1AED672300E6E652 /* skypeweb4adium */ = {
			isa = PBXGroup;
			children = (
				CDEC6DCD1AED672300E6E652 /* Supporting Files */,
				CD74DB851AED6F6800E6E652 /* AISkypewebPlugin.h */,
				CD74DB831AED6F3100E6E652 /* AISkypewebPlugin.m */,
				CD99FB501B5BFC1300E6E652 /* PurpleSkypeWebService.h */,
				CD99FB4E1B5BFBF700E6E652 /* PurpleSkypeWebService.m */,
				CD7B08E31B5DA96600E6E652 /* PurpleSkypeWebAccount.h */,
				CD7B08E41B5DA96600E6E652 /* PurpleSkypeWebAccount.m */,
			);
			path = skypeweb4adium;
			sourceTree = "<group>";
		};
		CDEC6DCD1AED672300E6E652 /* Supporting Files */ = {
			isa = PBXGroup;
			children = (
				CD7B08DE1B5DA7C800E6E652 /* icons */,
				CDEC6DCE1AED672300E6E652 /* Info.plist */,
			);
			name = "Supporting Files";
			sourceTree = "<group>";
		};
/* End PBXGroup section */

/* Begin PBXNativeTarget section */
		CDEC6DC91AED672300E6E652 /* skypeweb4adium */ = {
			isa = PBXNativeTarget;
			buildConfigurationList = CDEC6DD11AED672300E6E652 /* Build configuration list for PBXNativeTarget "skypeweb4adium" */;
			buildPhases = (
				CDEC6DC61AED672300E6E652 /* Sources */,
				CDEC6DC71AED672300E6E652 /* Frameworks */,
				CD7B08E61B5DAB9000E6E652 /* ShellScript */,
				CDEC6DC81AED672300E6E652 /* Resources */,
				CD74DB701AED691D00E6E652 /* ShellScript */,
			);
			buildRules = (
			);
			dependencies = (
			);
			name = skypeweb4adium;
			productName = skypeweb4adium;
			productReference = CDEC6DCA1AED672300E6E652 /* skypeweb4adium.AdiumPlugin */;
			productType = "com.apple.product-type.bundle";
		};
/* End PBXNativeTarget section */

/* Begin PBXProject section */
		CDEC6DC21AED672300E6E652 /* Project object */ = {
			isa = PBXProject;
			attributes = {
				LastUpgradeCheck = 0630;
				ORGANIZATIONNAME = "Tobias Tangemann";
				TargetAttributes = {
					CDEC6DC91AED672300E6E652 = {
						CreatedOnToolsVersion = 6.3;
					};
				};
			};
			buildConfigurationList = CDEC6DC51AED672300E6E652 /* Build configuration list for PBXProject "skypeweb4adium" */;
			compatibilityVersion = "Xcode 3.2";
			developmentRegion = English;
			hasScannedForEncodings = 0;
			knownRegions = (
				en,
			);
			mainGroup = CDEC6DC11AED672300E6E652;
			productRefGroup = CDEC6DCB1AED672300E6E652 /* Products */;
			projectDirPath = "";
			projectRoot = "";
			targets = (
				CDEC6DC91AED672300E6E652 /* skypeweb4adium */,
			);
		};
/* End PBXProject section */

/* Begin PBXResourcesBuildPhase section */
		CDEC6DC81AED672300E6E652 /* Resources */ = {
			isa = PBXResourcesBuildPhase;
			buildActionMask = 2147483647;
			files = (
				CD7B08E11B5DA80000E6E652 /* skype_small.png in Resources */,
				CD7B08DB1B5DA55900E6E652 /* skype.png in Resources */,
			);
			runOnlyForDeploymentPostprocessing = 0;
		};
/* End PBXResourcesBuildPhase section */

/* Begin PBXShellScriptBuildPhase section */
		CD74DB701AED691D00E6E652 /* ShellScript */ = {
			isa = PBXShellScriptBuildPhase;
			buildActionMask = 2147483647;
			files = (
			);
			inputPaths = (
			);
			outputPaths = (
			);
			runOnlyForDeploymentPostprocessing = 0;
			shellPath = /bin/sh;
			shellScript = "ln -sf \"$BUILD_DIR\" xcode_build";
		};
		CD7B08E61B5DAB9000E6E652 /* ShellScript */ = {
			isa = PBXShellScriptBuildPhase;
			buildActionMask = 2147483647;
			files = (
			);
			inputPaths = (
			);
			outputPaths = (
			);
			runOnlyForDeploymentPostprocessing = 0;
			shellPath = /bin/sh;
			shellScript = "cp skype4pidgin/icons/16/skype.png skype4pidgin/icons/16/skype_small.png";
		};
/* End PBXShellScriptBuildPhase section */

/* Begin PBXSourcesBuildPhase section */
		CDEC6DC61AED672300E6E652 /* Sources */ = {
			isa = PBXSourcesBuildPhase;
			buildActionMask = 2147483647;
			files = (
				CD99FB4A1B5BF4E100E6E652 /* skypeweb_contacts.c in Sources */,
				CD99FB4D1B5BF4E100E6E652 /* skypeweb_util.c in Sources */,
				CD99FB4B1B5BF4E100E6E652 /* skypeweb_login.c in Sources */,
				CD74DB841AED6F3100E6E652 /* AISkypewebPlugin.m in Sources */,
				CD99FB4F1B5BFBF700E6E652 /* PurpleSkypeWebService.m in Sources */,
				CD99FB481B5BF4E100E6E652 /* libskypeweb.c in Sources */,
				CD99FB491B5BF4E100E6E652 /* skypeweb_connection.c in Sources */,
				CD99FB4C1B5BF4E100E6E652 /* skypeweb_messages.c in Sources */,
				CD7B08E51B5DA96600E6E652 /* PurpleSkypeWebAccount.m in Sources */,
			);
			runOnlyForDeploymentPostprocessing = 0;
		};
/* End PBXSourcesBuildPhase section */

/* Begin XCBuildConfiguration section */
		CDEC6DCF1AED672300E6E652 /* Debug */ = {
			isa = XCBuildConfiguration;
			buildSettings = {
				ALWAYS_SEARCH_USER_PATHS = NO;
				ARCHS = "$(ARCHS_STANDARD)";
				CLANG_CXX_LANGUAGE_STANDARD = "gnu++0x";
				CLANG_CXX_LIBRARY = "libc++";
				CLANG_ENABLE_MODULES = YES;
				CLANG_ENABLE_OBJC_ARC = YES;
				CLANG_WARN_BOOL_CONVERSION = YES;
				CLANG_WARN_CONSTANT_CONVERSION = YES;
				CLANG_WARN_DIRECT_OBJC_ISA_USAGE = YES_ERROR;
				CLANG_WARN_EMPTY_BODY = YES;
				CLANG_WARN_ENUM_CONVERSION = YES;
				CLANG_WARN_INT_CONVERSION = YES;
				CLANG_WARN_OBJC_ROOT_CLASS = YES_ERROR;
				CLANG_WARN_UNREACHABLE_CODE = YES;
				CLANG_WARN__DUPLICATE_METHOD_MATCH = YES;
				COPY_PHASE_STRIP = NO;
				DEBUG_INFORMATION_FORMAT = dwarf;
				ENABLE_STRICT_OBJC_MSGSEND = YES;
				FRAMEWORK_SEARCH_PATHS = (
					"$(inherited)",
					"$(PROJECT_DIR)/adium/build/Release-Debug",
					"$(PROJECT_DIR)/adium/Frameworks",
				);
				GCC_C_LANGUAGE_STANDARD = gnu99;
				GCC_DYNAMIC_NO_PIC = NO;
				GCC_NO_COMMON_BLOCKS = YES;
				GCC_OPTIMIZATION_LEVEL = 0;
				GCC_PREPROCESSOR_DEFINITIONS = (
					"DEBUG=1",
					"$(inherited)",
				);
				GCC_SYMBOLS_PRIVATE_EXTERN = NO;
				GCC_WARN_64_TO_32_BIT_CONVERSION = YES;
				GCC_WARN_ABOUT_RETURN_TYPE = YES_ERROR;
				GCC_WARN_UNDECLARED_SELECTOR = YES;
				GCC_WARN_UNINITIALIZED_AUTOS = YES_AGGRESSIVE;
				GCC_WARN_UNUSED_FUNCTION = YES;
				GCC_WARN_UNUSED_VARIABLE = YES;
				HEADER_SEARCH_PATHS = (
					"$(SOURCE_ROOT)/adium/Frameworks/libglib.framework/Versions/Current/Headers",
					"$(SOURCE_ROOT)/adium/Frameworks/libintl.framework/Versions/Current/Headers",
					"$(SOURCE_ROOT)/adium/Frameworks/libjson-glib.framework/Versions/Current/Headers",
					"$(SOURCE_ROOT)/adium/Frameworks/libpurple.framework/Versions/Current/Headers",
				);
				MACOSX_DEPLOYMENT_TARGET = 10.10;
				MTL_ENABLE_DEBUG_INFO = YES;
				OTHER_CFLAGS = "-DPURPLE_STATIC_PRPL";
				SDKROOT = macosx;
			};
			name = Debug;
		};
		CDEC6DD01AED672300E6E652 /* Release */ = {
			isa = XCBuildConfiguration;
			buildSettings = {
				ALWAYS_SEARCH_USER_PATHS = NO;
				ARCHS = "$(ARCHS_STANDARD)";
				CLANG_CXX_LANGUAGE_STANDARD = "gnu++0x";
				CLANG_CXX_LIBRARY = "libc++";
				CLANG_ENABLE_MODULES = YES;
				CLANG_ENABLE_OBJC_ARC = YES;
				CLANG_WARN_BOOL_CONVERSION = YES;
				CLANG_WARN_CONSTANT_CONVERSION = YES;
				CLANG_WARN_DIRECT_OBJC_ISA_USAGE = YES_ERROR;
				CLANG_WARN_EMPTY_BODY = YES;
				CLANG_WARN_ENUM_CONVERSION = YES;
				CLANG_WARN_INT_CONVERSION = YES;
				CLANG_WARN_OBJC_ROOT_CLASS = YES_ERROR;
				CLANG_WARN_UNREACHABLE_CODE = YES;
				CLANG_WARN__DUPLICATE_METHOD_MATCH = YES;
				COPY_PHASE_STRIP = YES;
				DEBUG_INFORMATION_FORMAT = "dwarf-with-dsym";
				ENABLE_NS_ASSERTIONS = NO;
				ENABLE_STRICT_OBJC_MSGSEND = YES;
				FRAMEWORK_SEARCH_PATHS = (
					"$(inherited)",
					"$(PROJECT_DIR)/adium/build/Release-Debug",
					"$(PROJECT_DIR)/adium/Frameworks",
				);
				GCC_C_LANGUAGE_STANDARD = gnu99;
				GCC_NO_COMMON_BLOCKS = YES;
				GCC_WARN_64_TO_32_BIT_CONVERSION = YES;
				GCC_WARN_ABOUT_RETURN_TYPE = YES_ERROR;
				GCC_WARN_UNDECLARED_SELECTOR = YES;
				GCC_WARN_UNINITIALIZED_AUTOS = YES_AGGRESSIVE;
				GCC_WARN_UNUSED_FUNCTION = YES;
				GCC_WARN_UNUSED_VARIABLE = YES;
				HEADER_SEARCH_PATHS = (
					"$(SOURCE_ROOT)/adium/Frameworks/libglib.framework/Versions/Current/Headers",
					"$(SOURCE_ROOT)/adium/Frameworks/libintl.framework/Versions/Current/Headers",
					"$(SOURCE_ROOT)/adium/Frameworks/libjson-glib.framework/Versions/Current/Headers",
					"$(SOURCE_ROOT)/adium/Frameworks/libpurple.framework/Versions/Current/Headers",
				);
				MACOSX_DEPLOYMENT_TARGET = 10.10;
				MTL_ENABLE_DEBUG_INFO = NO;
				OTHER_CFLAGS = "-DPURPLE_STATIC_PRPL";
				SDKROOT = macosx;
			};
			name = Release;
		};
		CDEC6DD21AED672300E6E652 /* Debug */ = {
			isa = XCBuildConfiguration;
			buildSettings = {
				COMBINE_HIDPI_IMAGES = YES;
				INFOPLIST_FILE = skypeweb4adium/Info.plist;
				INSTALL_PATH = "$(LOCAL_LIBRARY_DIR)/Bundles";
				PRODUCT_NAME = "$(TARGET_NAME)";
				SKIP_INSTALL = YES;
				WRAPPER_EXTENSION = AdiumPlugin;
			};
			name = Debug;
		};
		CDEC6DD31AED672300E6E652 /* Release */ = {
			isa = XCBuildConfiguration;
			buildSettings = {
				COMBINE_HIDPI_IMAGES = YES;
				INFOPLIST_FILE = skypeweb4adium/Info.plist;
				INSTALL_PATH = "$(LOCAL_LIBRARY_DIR)/Bundles";
				PRODUCT_NAME = "$(TARGET_NAME)";
				SKIP_INSTALL = YES;
				WRAPPER_EXTENSION = AdiumPlugin;
			};
			name = Release;
		};
/* End XCBuildConfiguration section */

/* Begin XCConfigurationList section */
		CDEC6DC51AED672300E6E652 /* Build configuration list for PBXProject "skypeweb4adium" */ = {
			isa = XCConfigurationList;
			buildConfigurations = (
				CDEC6DCF1AED672300E6E652 /* Debug */,
				CDEC6DD01AED672300E6E652 /* Release */,
			);
			defaultConfigurationIsVisible = 0;
			defaultConfigurationName = Release;
		};
		CDEC6DD11AED672300E6E652 /* Build configuration list for PBXNativeTarget "skypeweb4adium" */ = {
			isa = XCConfigurationList;
			buildConfigurations = (
				CDEC6DD21AED672300E6E652 /* Debug */,
				CDEC6DD31AED672300E6E652 /* Release */,
			);
			defaultConfigurationIsVisible = 0;
			defaultConfigurationName = Release;
		};
/* End XCConfigurationList section */
	};
	rootObject = CDEC6DC21AED672300E6E652 /* Project object */;
}
